
Microsoft Visual Studio Solution File, Format Version 12.00
# Visual Studio Version 17
VisualStudioVersion = 17.8.34330.188
MinimumVisualStudioVersion = 10.0.40219.1
Project("{9A19103F-16F7-4668-BE54-9A1E7A4F7556}") = "MSPersona.API", "MSPersona.API\MSPersona.API.csproj", "{D15D9859-D18F-4E71-A625-E26DDAE37F75}"
EndProject
Project("{9A19103F-16F7-4668-BE54-9A1E7A4F7556}") = "MSPersona.Data", "MSPersona.Data\MSPersona.Data.csproj", "{79048BE6-5BE8-4B0A-B268-8945976A6089}"
EndProject
Project("{9A19103F-16F7-4668-BE54-9A1E7A4F7556}") = "MSPersona.Dominio", "MSPersona.Dominio\MSPersona.Dominio.csproj", "{1C541D6D-46BA-4A8F-8092-9F55BE14638D}"
EndProject
Project("{9A19103F-16F7-4668-BE54-9A1E7A4F7556}") = "MSPersona.Services", "MSPersona.Services\MSPersona.Services.csproj", "{C5134125-5C57-4071-A17A-E2BA32B51BC0}"
EndProject
Project("{9A19103F-16F7-4668-BE54-9A1E7A4F7556}") = "Common", "Common\Common.csproj", "{8823D3AF-C970-4062-8E84-C56DC124B8EE}"
EndProject
Project("{FAE04EC0-301F-11D3-BF4B-00C04F79EFBC}") = "NuGetCommonNalama", "NuGetCommon\NuGetCommonNalama.csproj", "{F8C147AA-3691-4570-A7DD-92689CBD230D}"
EndProject
Global
	GlobalSection(SolutionConfigurationPlatforms) = preSolution
		Debug|Any CPU = Debug|Any CPU
		Release|Any CPU = Release|Any CPU
	EndGlobalSection
	GlobalSection(ProjectConfigurationPlatforms) = postSolution
		{D15D9859-D18F-4E71-A625-E26DDAE37F75}.Debug|Any CPU.ActiveCfg = Debug|Any CPU
		{D15D9859-D18F-4E71-A625-E26DDAE37F75}.Debug|Any CPU.Build.0 = Debug|Any CPU
		{D15D9859-D18F-4E71-A625-E26DDAE37F75}.Release|Any CPU.ActiveCfg = Release|Any CPU
		{D15D9859-D18F-4E71-A625-E26DDAE37F75}.Release|Any CPU.Build.0 = Release|Any CPU
		{79048BE6-5BE8-4B0A-B268-8945976A6089}.Debug|Any CPU.ActiveCfg = Debug|Any CPU
		{79048BE6-5BE8-4B0A-B268-8945976A6089}.Debug|Any CPU.Build.0 = Debug|Any CPU
		{79048BE6-5BE8-4B0A-B268-8945976A6089}.Release|Any CPU.ActiveCfg = Release|Any CPU
		{79048BE6-5BE8-4B0A-B268-8945976A6089}.Release|Any CPU.Build.0 = Release|Any CPU
		{1C541D6D-46BA-4A8F-8092-9F55BE14638D}.Debug|Any CPU.ActiveCfg = Debug|Any CPU
		{1C541D6D-46BA-4A8F-8092-9F55BE14638D}.Debug|Any CPU.Build.0 = Debug|Any CPU
		{1C541D6D-46BA-4A8F-8092-9F55BE14638D}.Release|Any CPU.ActiveCfg = Release|Any CPU
		{1C541D6D-46BA-4A8F-8092-9F55BE14638D}.Release|Any CPU.Build.0 = Release|Any CPU
		{C5134125-5C57-4071-A17A-E2BA32B51BC0}.Debug|Any CPU.ActiveCfg = Debug|Any CPU
		{C5134125-5C57-4071-A17A-E2BA32B51BC0}.Debug|Any CPU.Build.0 = Debug|Any CPU
		{C5134125-5C57-4071-A17A-E2BA32B51BC0}.Release|Any CPU.ActiveCfg = Release|Any CPU
		{C5134125-5C57-4071-A17A-E2BA32B51BC0}.Release|Any CPU.Build.0 = Release|Any CPU
		{8823D3AF-C970-4062-8E84-C56DC124B8EE}.Debug|Any CPU.ActiveCfg = Debug|Any CPU
		{8823D3AF-C970-4062-8E84-C56DC124B8EE}.Debug|Any CPU.Build.0 = Debug|Any CPU
		{8823D3AF-C970-4062-8E84-C56DC124B8EE}.Release|Any CPU.ActiveCfg = Release|Any CPU
		{8823D3AF-C970-4062-8E84-C56DC124B8EE}.Release|Any CPU.Build.0 = Release|Any CPU
		{F8C147AA-3691-4570-A7DD-92689CBD230D}.Debug|Any CPU.ActiveCfg = Release|Any CPU
		{F8C147AA-3691-4570-A7DD-92689CBD230D}.Debug|Any CPU.Build.0 = Release|Any CPU
		{F8C147AA-3691-4570-A7DD-92689CBD230D}.Release|Any CPU.ActiveCfg = Release|Any CPU
		{F8C147AA-3691-4570-A7DD-92689CBD230D}.Release|Any CPU.Build.0 = Release|Any CPU
	EndGlobalSection
	GlobalSection(SolutionProperties) = preSolution
		HideSolutionNode = FALSE
	EndGlobalSection
	GlobalSection(ExtensibilityGlobals) = postSolution
		SolutionGuid = {B8595C59-1875-4DAC-9F7C-088CD96A01BE}
	EndGlobalSection
EndGlobal
